github.com/nunocoracao/blowfish v1.7.1 h1:y3FZ0df8ZUtu6bgijb4eTjO0i+yvRKfhUFHPZsQT+RE=
github.com/nunocoracao/blowfish v1.7.1/go.mod h1:a+x71NKypnAynVrKYncF4jMagrvWjOdacVpA9RJh2UA=
github.com/nunocoracao/blowfish v1.8.0 h1:H0lUOH0e0e8oeoVwRHa3tiBGw7ICHAkLboZGeJLgLro=
github.com/nunocoracao/blowfish v1.8.0/go.mod h1:a+x71NKypnAynVrKYncF4jMagrvWjOdacVpA9RJh2UA=
